# THIS IS AN AUTOGENERATED FILE. DO NOT EDIT THIS FILE DIRECTLY.
# yarn lockfile v1


"@adraffy/ens-normalize@1.10.1":
  version "1.10.1"
  resolved "https://registry.yarnpkg.com/@adraffy/ens-normalize/-/ens-normalize-1.10.1.tgz#63430d04bd8c5e74f8d7d049338f1cd9d4f02069"
  integrity sha512-96Z2IP3mYmF1Xg2cDm8f1gWGf/HUVedQ3FMifV4kG/PQ4yEP51xDtRAEfhVNt5f/uzpNkZHwWQuUcu6D6K+Ekw==

"@babel/code-frame@^7.12.13":
  version "7.24.7"
  resolved "https://registry.yarnpkg.com/@babel/code-frame/-/code-frame-7.24.7.tgz#882fd9e09e8ee324e496bd040401c6f046ef4465"
  integrity sha512-BcYH1CVJBO9tvyIZ2jVeXgSIMvGZ2FDRvDdOIVQyuklNKSsx+eppDEBq/g47Ayw+RqNFE+URvOShmf+f/qwAlA==
  dependencies:
    "@babel/highlight" "^7.24.7"
    picocolors "^1.0.0"

"@babel/helper-validator-identifier@^7.24.7":
  version "7.24.7"
  resolved "https://registry.yarnpkg.com/@babel/helper-validator-identifier/-/helper-validator-identifier-7.24.7.tgz#75b889cfaf9e35c2aaf42cf0d72c8e91719251db"
  integrity sha512-rR+PBcQ1SMQDDyF6X0wxtG8QyLCgUB0eRAGguqRLfkCA87l7yAP7ehq8SNj96OOGTO8OBV70KhuFYcIkHXOg0w==

"@babel/highlight@^7.24.7":
  version "7.24.7"
  resolved "https://registry.yarnpkg.com/@babel/highlight/-/highlight-7.24.7.tgz#a05ab1df134b286558aae0ed41e6c5f731bf409d"
  integrity sha512-EStJpq4OuY8xYfhGVXngigBJRWxftKX9ksiGDnmlY3o7B/V7KIAc9X4oiK87uPJSc/vs5L869bem5fhZa8caZw==
  dependencies:
    "@babel/helper-validator-identifier" "^7.24.7"
    chalk "^2.4.2"
    js-tokens "^4.0.0"
    picocolors "^1.0.0"

"@cspotcode/source-map-support@^0.8.0":
  version "0.8.1"
  resolved "https://registry.yarnpkg.com/@cspotcode/source-map-support/-/source-map-support-0.8.1.tgz#00629c35a688e05a88b1cda684fb9d5e73f000a1"
  integrity sha512-IchNf6dN4tHoMFIn/7OE8LWZ19Y6q/67Bmf6vnGREv8RSbBVb9LPJxEcnwrcwX6ixSvaiGoomAUvu4YSxXrVgw==
  dependencies:
    "@jridgewell/trace-mapping" "0.3.9"

"@digitalbazaar/did-io@^2.0.0":
  version "2.0.0"
  resolved "https://registry.yarnpkg.com/@digitalbazaar/did-io/-/did-io-2.0.0.tgz#a6945be43ccb2e46218d811ba5e630e5df7dd86a"
  integrity sha512-6dG0nOytVN1ntCbf9ffB/BLSQszfDEEBbemMu8l1/yn8fOLMKABNu13/yfp8tPtqSowz3P0SWt6YNcYLf49sAw==
  dependencies:
    "@digitalbazaar/lru-memoize" "^3.0.0"

"@digitalbazaar/did-method-key@^5.2.0":
  version "5.2.0"
  resolved "https://registry.yarnpkg.com/@digitalbazaar/did-method-key/-/did-method-key-5.2.0.tgz#2a22a9403e0a73e84d5a3d955a7707772933905d"
  integrity sha512-67JerSdJWAVI1wrZftLFIvjifRk5R3uX5r91GgVHiMbDlkj01Nt7HuqzMSKHG9bXcvJbMhgprlS9BWzPeaiFRw==
  dependencies:
    "@digitalbazaar/did-io" "^2.0.0"
    "@digitalbazaar/x25519-key-agreement-key-2019" "^6.0.0"
    "@digitalbazaar/x25519-key-agreement-key-2020" "^3.0.0"

"@digitalbazaar/ed25519-multikey@^1.1.0":
  version "1.1.0"
  resolved "https://registry.yarnpkg.com/@digitalbazaar/ed25519-multikey/-/ed25519-multikey-1.1.0.tgz#d166ef2a9fc5728558cce41b5c637639e5ac0100"
  integrity sha512-e5FW8ly5KlbK1ah/C0r9d7Xy4nMPXrQJq1yg87Z6A3kasTr4q1KYgIqPzWHGlx9Ng8KEBLEndjuZ4iI89cL94A==
  dependencies:
    "@noble/ed25519" "^1.6.0"
    base58-universal "^2.0.0"
    base64url-universal "^2.0.0"

"@digitalbazaar/ed25519-signature-2020@^5.3.0":
  version "5.4.0"
  resolved "https://registry.yarnpkg.com/@digitalbazaar/ed25519-signature-2020/-/ed25519-signature-2020-5.4.0.tgz#a5dc3d357299c5c94463688d5c157cfc21d8d9fc"
  integrity sha512-dHjOv41wiKLoPaE1S9g4NCMKNnelYtBa5fCJKwrqo+cPlLuKcEhtD7w/uuc5non7bf/GX5sa5YfDI/sRUOS6iw==
  dependencies:
    "@digitalbazaar/ed25519-multikey" "^1.1.0"
    "@digitalbazaar/ed25519-verification-key-2020" "^4.1.0"
    base58-universal "^2.0.0"
    ed25519-signature-2020-context "^1.1.0"
    jsonld-signatures "^11.3.0"

"@digitalbazaar/ed25519-verification-key-2020@^4.1.0":
  version "4.1.0"
  resolved "https://registry.yarnpkg.com/@digitalbazaar/ed25519-verification-key-2020/-/ed25519-verification-key-2020-4.1.0.tgz#0d1e65b978df8b871b7269f4faf765fbec17d976"
  integrity sha512-8Dr8rVfX9v6ADIgTsfmXy4uSi2f9b4i8/kV1u35i0617T05TcPqZLYp+aAN7xhwt1JX3oYywC87UJbN8dWkfLA==
  dependencies:
    "@noble/ed25519" "^1.6.0"
    base58-universal "^2.0.0"
    base64url-universal "^2.0.0"
    crypto-ld "^7.0.0"

"@digitalbazaar/http-client@^3.4.1":
  version "3.4.1"
  resolved "https://registry.yarnpkg.com/@digitalbazaar/http-client/-/http-client-3.4.1.tgz#5116fc44290d647cfe4b615d1f3fad9d6005e44d"
  integrity sha512-Ahk1N+s7urkgj7WvvUND5f8GiWEPfUw0D41hdElaqLgu8wZScI8gdI0q+qWw5N1d35x7GCRH2uk9mi+Uzo9M3g==
  dependencies:
    ky "^0.33.3"
    ky-universal "^0.11.0"
    undici "^5.21.2"

"@digitalbazaar/lru-memoize@^3.0.0":
  version "3.0.2"
  resolved "https://registry.yarnpkg.com/@digitalbazaar/lru-memoize/-/lru-memoize-3.0.2.tgz#7db5a8416e62c3788a7834c827af39df9055c23e"
  integrity sha512-O7fv5GnFY/XZggJ3bQuce1E4LcFxrexSJmubto8v3YABaIuP5McQFAxn3m9oV6BHRQXa/wURItpvY/g5X3kwVw==
  dependencies:
    lru-cache "^6.0.0"

"@digitalbazaar/security-context@^1.0.0":
  version "1.0.1"
  resolved "https://registry.yarnpkg.com/@digitalbazaar/security-context/-/security-context-1.0.1.tgz#badc4b8da03411a32d4e7321ce7c4b355776b410"
  integrity sha512-0WZa6tPiTZZF8leBtQgYAfXQePFQp2z5ivpCEN/iZguYYZ0TB9qRmWtan5XH6mNFuusHtMcyIzAcReyE6rZPhA==

"@digitalbazaar/vc@^6.3.0":
  version "6.3.0"
  resolved "https://registry.yarnpkg.com/@digitalbazaar/vc/-/vc-6.3.0.tgz#6180d22f9483a752ddb9b8a525a5f71a49d4b2fb"
  integrity sha512-zgrV387lEek2NUoji8jNYRGJhlrWZnZRLfvfVdCd2/ONjcDa3eV8sM5H7s1hnTGJl8DB7ArtrhNiirxEllD0Fw==
  dependencies:
    credentials-context "^2.0.0"
    jsonld "^8.3.1"
    jsonld-signatures "^11.2.1"

"@digitalbazaar/x25519-key-agreement-key-2019@^6.0.0":
  version "6.0.0"
  resolved "https://registry.yarnpkg.com/@digitalbazaar/x25519-key-agreement-key-2019/-/x25519-key-agreement-key-2019-6.0.0.tgz#f9f021c7e518633c6e79fa13777d98bbfe1fc5b4"
  integrity sha512-3EV/x7/Sa5mOAuPf0Z0Fi+BsIQKR5Qi2u/KNUgMc1fHx9jQZWjF3//1hvSDDrKV+FKfhAg10S7EcgU04f5tjog==
  dependencies:
    "@noble/ed25519" "^1.6.0"
    base58-universal "^2.0.0"
    crypto-ld "^7.0.0"
    ed2curve "^0.3.0"
    tweetnacl "^1.0.3"

"@digitalbazaar/x25519-key-agreement-key-2020@^3.0.0":
  version "3.0.1"
  resolved "https://registry.yarnpkg.com/@digitalbazaar/x25519-key-agreement-key-2020/-/x25519-key-agreement-key-2020-3.0.1.tgz#fff3be5d2a35cf0b1ebeb918c061a8b58c231ef4"
  integrity sha512-GmpPEc3ZD/7fz3St38ELa8qgJzjfTxCJi7cwAYPAcZ8Iynldj8sSf2hIblYjjlB82pIENhyXLQHcIALluGcrqA==
  dependencies:
    "@noble/ed25519" "^1.6.0"
    base58-universal "^2.0.0"
    crypto-ld "^7.0.0"
    tweetnacl "^1.0.3"

"@fastify/busboy@^2.0.0":
  version "2.1.1"
  resolved "https://registry.yarnpkg.com/@fastify/busboy/-/busboy-2.1.1.tgz#b9da6a878a371829a0502c9b6c1c143ef6663f4d"
  integrity sha512-vBZP4NlzfOlerQTnba4aqZoMhE/a9HY7HRqoOPaETQcSQuWEIyZMHGfVu6w9wGtGK5fED5qRs2DteVCjOH60sA==

"@jest/expect-utils@^29.7.0":
  version "29.7.0"
  resolved "https://registry.yarnpkg.com/@jest/expect-utils/-/expect-utils-29.7.0.tgz#023efe5d26a8a70f21677d0a1afc0f0a44e3a1c6"
  integrity sha512-GlsNBWiFQFCVi9QVSx7f5AgMeLxe9YCCs5PuP2O2LdjDAA8Jh9eX7lA1Jq/xdXw3Wb3hyvlFNfZIfcRetSzYcA==
  dependencies:
    jest-get-type "^29.6.3"

"@jest/schemas@^29.6.3":
  version "29.6.3"
  resolved "https://registry.yarnpkg.com/@jest/schemas/-/schemas-29.6.3.tgz#430b5ce8a4e0044a7e3819663305a7b3091c8e03"
  integrity sha512-mo5j5X+jIZmJQveBKeS/clAueipV7KgiX1vMgCxam1RNYiqE1w62n0/tJJnHtjW8ZHcQco5gY85jA3mi0L+nSA==
  dependencies:
    "@sinclair/typebox" "^0.27.8"

"@jest/types@^29.6.3":
  version "29.6.3"
  resolved "https://registry.yarnpkg.com/@jest/types/-/types-29.6.3.tgz#1131f8cf634e7e84c5e77bab12f052af585fba59"
  integrity sha512-u3UPsIilWKOM3F9CXtrG8LEJmNxwoCQC/XVj4IKYXvvpx7QIi/Kg1LI5uDmDpKlac62NUtX7eLjRh+jVZcLOzw==
  dependencies:
    "@jest/schemas" "^29.6.3"
    "@types/istanbul-lib-coverage" "^2.0.0"
    "@types/istanbul-reports" "^3.0.0"
    "@types/node" "*"
    "@types/yargs" "^17.0.8"
    chalk "^4.0.0"

"@jridgewell/resolve-uri@^3.0.3":
  version "3.1.2"
  resolved "https://registry.yarnpkg.com/@jridgewell/resolve-uri/-/resolve-uri-3.1.2.tgz#7a0ee601f60f99a20c7c7c5ff0c80388c1189bd6"
  integrity sha512-bRISgCIjP20/tbWSPWMEi54QVPRZExkuD9lJL+UIxUKtwVJA8wW1Trb1jMs1RFXo1CBTNZ/5hpC9QvmKWdopKw==

"@jridgewell/sourcemap-codec@^1.4.10":
  version "1.5.0"
  resolved "https://registry.yarnpkg.com/@jridgewell/sourcemap-codec/-/sourcemap-codec-1.5.0.tgz#3188bcb273a414b0d215fd22a58540b989b9409a"
  integrity sha512-gv3ZRaISU3fjPAgNsriBRqGWQL6quFx04YMPW/zD8XMLsU32mhCCbfbO6KZFLjvYpCZ8zyDEgqsgf+PwPaM7GQ==

"@jridgewell/trace-mapping@0.3.9":
  version "0.3.9"
  resolved "https://registry.yarnpkg.com/@jridgewell/trace-mapping/-/trace-mapping-0.3.9.tgz#6534fd5933a53ba7cbf3a17615e273a0d1273ff9"
  integrity sha512-3Belt6tdc8bPgAtbcmdtNJlirVoTmEb5e2gC94PnkwEW9jI6CAHUeoG85tjWP5WquqfavoMtMwiG4P926ZKKuQ==
  dependencies:
    "@jridgewell/resolve-uri" "^3.0.3"
    "@jridgewell/sourcemap-codec" "^1.4.10"

"@noble/curves@1.2.0":
  version "1.2.0"
  resolved "https://registry.yarnpkg.com/@noble/curves/-/curves-1.2.0.tgz#92d7e12e4e49b23105a2555c6984d41733d65c35"
  integrity sha512-oYclrNgRaM9SsBUBVbb8M6DTV7ZHRTKugureoYEncY5c65HOmRzvSiTE3y5CYaPYJA/GVkrhXEoF0M3Ya9PMnw==
  dependencies:
    "@noble/hashes" "1.3.2"

"@noble/ed25519@^1.6.0":
  version "1.7.3"
  resolved "https://registry.yarnpkg.com/@noble/ed25519/-/ed25519-1.7.3.tgz#57e1677bf6885354b466c38e2b620c62f45a7123"
  integrity sha512-iR8GBkDt0Q3GyaVcIu7mSsVIqnFbkbRzGLWlvhwunacoLwt4J3swfKhfaM6rN6WY+TBGoYT1GtT1mIh2/jGbRQ==

"@noble/hashes@1.3.2":
  version "1.3.2"
  resolved "https://registry.yarnpkg.com/@noble/hashes/-/hashes-1.3.2.tgz#6f26dbc8fbc7205873ce3cee2f690eba0d421b39"
  integrity sha512-MVC8EAQp7MvEcm30KWENFjgR+Mkmf+D189XJTkFIlwohU5hcBbn1ZkKq7KVTi2Hme3PMGF390DaL52beVrIihQ==

"@sinclair/typebox@^0.27.8":
  version "0.27.8"
  resolved "https://registry.yarnpkg.com/@sinclair/typebox/-/typebox-0.27.8.tgz#6667fac16c436b5434a387a34dedb013198f6e6e"
  integrity sha512-+Fj43pSMwJs4KRrH/938Uf+uAELIgVBmQzg/q1YG10djyfA3TnrU8N8XzqCh/okZdszqBQTZf96idMfE5lnwTA==

"@tsconfig/node10@^1.0.7":
  version "1.0.11"
  resolved "https://registry.yarnpkg.com/@tsconfig/node10/-/node10-1.0.11.tgz#6ee46400685f130e278128c7b38b7e031ff5b2f2"
  integrity sha512-DcRjDCujK/kCk/cUe8Xz8ZSpm8mS3mNNpta+jGCA6USEDfktlNvm1+IuZ9eTcDbNk41BHwpHHeW+N1lKCz4zOw==

"@tsconfig/node12@^1.0.7":
  version "1.0.11"
  resolved "https://registry.yarnpkg.com/@tsconfig/node12/-/node12-1.0.11.tgz#ee3def1f27d9ed66dac6e46a295cffb0152e058d"
  integrity sha512-cqefuRsh12pWyGsIoBKJA9luFu3mRxCA+ORZvA4ktLSzIuCUtWVxGIuXigEwO5/ywWFMZ2QEGKWvkZG1zDMTag==

"@tsconfig/node14@^1.0.0":
  version "1.0.3"
  resolved "https://registry.yarnpkg.com/@tsconfig/node14/-/node14-1.0.3.tgz#e4386316284f00b98435bf40f72f75a09dabf6c1"
  integrity sha512-ysT8mhdixWK6Hw3i1V2AeRqZ5WfXg1G43mqoYlM2nc6388Fq5jcXyr5mRsqViLx/GJYdoL0bfXD8nmF+Zn/Iow==

"@tsconfig/node16@^1.0.2":
  version "1.0.4"
  resolved "https://registry.yarnpkg.com/@tsconfig/node16/-/node16-1.0.4.tgz#0b92dcc0cc1c81f6f306a381f28e31b1a56536e9"
  integrity sha512-vxhUy4J8lyeyinH7Azl1pdd43GJhZH/tP2weN8TntQblOY+A0XbT8DJk1/oCPuOOyg/Ja757rG0CgHcWC8OfMA==

"@types/fs-extra@^11.0.4":
  version "11.0.4"
  resolved "https://registry.yarnpkg.com/@types/fs-extra/-/fs-extra-11.0.4.tgz#e16a863bb8843fba8c5004362b5a73e17becca45"
  integrity sha512-yTbItCNreRooED33qjunPthRcSjERP1r4MqCZc7wv0u2sUkzTFp45tgUfS5+r7FrZPdmCCNflLhVSP/o+SemsQ==
  dependencies:
    "@types/jsonfile" "*"
    "@types/node" "*"

"@types/istanbul-lib-coverage@*", "@types/istanbul-lib-coverage@^2.0.0":
  version "2.0.6"
  resolved "https://registry.yarnpkg.com/@types/istanbul-lib-coverage/-/istanbul-lib-coverage-2.0.6.tgz#7739c232a1fee9b4d3ce8985f314c0c6d33549d7"
  integrity sha512-2QF/t/auWm0lsy8XtKVPG19v3sSOQlJe/YHZgfjb/KBBHOGSV+J2q/S671rcq9uTBrLAXmZpqJiaQbMT+zNU1w==

"@types/istanbul-lib-report@*":
  version "3.0.3"
  resolved "https://registry.yarnpkg.com/@types/istanbul-lib-report/-/istanbul-lib-report-3.0.3.tgz#53047614ae72e19fc0401d872de3ae2b4ce350bf"
  integrity sha512-NQn7AHQnk/RSLOxrBbGyJM/aVQ+pjj5HCgasFxc0K/KhoATfQ/47AyUl15I2yBUpihjmas+a+VJBOqecrFH+uA==
  dependencies:
    "@types/istanbul-lib-coverage" "*"

"@types/istanbul-reports@^3.0.0":
  version "3.0.4"
  resolved "https://registry.yarnpkg.com/@types/istanbul-reports/-/istanbul-reports-3.0.4.tgz#0f03e3d2f670fbdac586e34b433783070cc16f54"
  integrity sha512-pk2B1NWalF9toCRu6gjBzR69syFjP4Od8WRAX+0mmf9lAjCRicLOWc+ZrxZHx/0XRjotgkF9t6iaMJ+aXcOdZQ==
  dependencies:
    "@types/istanbul-lib-report" "*"

"@types/jest@^29.5.12":
  version "29.5.12"
  resolved "https://registry.yarnpkg.com/@types/jest/-/jest-29.5.12.tgz#7f7dc6eb4cf246d2474ed78744b05d06ce025544"
  integrity sha512-eDC8bTvT/QhYdxJAulQikueigY5AsdBRH2yDKW3yveW7svY3+DzN84/2NUgkw10RTiJbWqZrTtoGVdYlvFJdLw==
  dependencies:
    expect "^29.0.0"
    pretty-format "^29.0.0"

"@types/jsonfile@*":
  version "6.1.4"
  resolved "https://registry.yarnpkg.com/@types/jsonfile/-/jsonfile-6.1.4.tgz#614afec1a1164e7d670b4a7ad64df3e7beb7b702"
  integrity sha512-D5qGUYwjvnNNextdU59/+fI+spnwtTFmyQP0h+PfIOSkNfpU6AOICUOkm4i0OnSk+NyjdPJrxCDro0sJsWlRpQ==
  dependencies:
    "@types/node" "*"

"@types/node@*":
  version "22.1.0"
  resolved "https://registry.yarnpkg.com/@types/node/-/node-22.1.0.tgz#6d6adc648b5e03f0e83c78dc788c2b037d0ad94b"
  integrity sha512-AOmuRF0R2/5j1knA3c6G3HOk523Ga+l+ZXltX8SF1+5oqcXijjfTd8fY3XRZqSihEu9XhtQnKYLmkFaoxgsJHw==
  dependencies:
    undici-types "~6.13.0"

"@types/node@18.15.13":
  version "18.15.13"
  resolved "https://registry.yarnpkg.com/@types/node/-/node-18.15.13.tgz#f64277c341150c979e42b00e4ac289290c9df469"
  integrity sha512-N+0kuo9KgrUQ1Sn/ifDXsvg0TTleP7rIy4zOBGECxAljqvqfqpTfzx0Q1NUedOixRMBfe2Whhb056a42cWs26Q==

"@types/stack-utils@^2.0.0":
  version "2.0.3"
  resolved "https://registry.yarnpkg.com/@types/stack-utils/-/stack-utils-2.0.3.tgz#6209321eb2c1712a7e7466422b8cb1fc0d9dd5d8"
  integrity sha512-9aEbYZ3TbYMznPdcdr3SmIrLXwC/AKZXQeCf9Pgao5CKb8CyHuEX5jzWPTkvregvhRJHcpRO6BFoGW9ycaOkYw==

"@types/uuid@^10.0.0":
  version "10.0.0"
  resolved "https://registry.yarnpkg.com/@types/uuid/-/uuid-10.0.0.tgz#e9c07fe50da0f53dc24970cca94d619ff03f6f6d"
  integrity sha512-7gqG38EyHgyP1S+7+xomFtL+ZNHcKv6DwNaCZmJmo1vgMugyF3TCnXVg4t1uk89mLNwnLtnY3TpOpCOyp1/xHQ==

"@types/yargs-parser@*":
  version "21.0.3"
  resolved "https://registry.yarnpkg.com/@types/yargs-parser/-/yargs-parser-21.0.3.tgz#815e30b786d2e8f0dcd85fd5bcf5e1a04d008f15"
  integrity sha512-I4q9QU9MQv4oEOz4tAHJtNz1cwuLxn2F3xcc2iV5WdqLPpUnj30aUuxt1mAxYTG+oe8CZMV/+6rU4S4gRDzqtQ==

"@types/yargs@^17.0.8":
  version "17.0.32"
  resolved "https://registry.yarnpkg.com/@types/yargs/-/yargs-17.0.32.tgz#030774723a2f7faafebf645f4e5a48371dca6229"
  integrity sha512-xQ67Yc/laOG5uMfX/093MRlGGCIBzZMarVa+gfNKJxWAIgykYpVGkBdbqEzGDDfCrVUj6Hiff4mTZ5BA6TmAog==
  dependencies:
    "@types/yargs-parser" "*"

abort-controller@^3.0.0:
  version "3.0.0"
  resolved "https://registry.yarnpkg.com/abort-controller/-/abort-controller-3.0.0.tgz#eaf54d53b62bae4138e809ca225c8439a6efb392"
  integrity sha512-h8lQ8tacZYnR3vNQTgibj+tODHI5/+l06Au2Pcriv/Gmet0eaj4TwWH41sO9wnHDiQsEj19q0drzdWdeAHtweg==
  dependencies:
    event-target-shim "^5.0.0"

acorn-walk@^8.1.1:
  version "8.3.4"
  resolved "https://registry.yarnpkg.com/acorn-walk/-/acorn-walk-8.3.4.tgz#794dd169c3977edf4ba4ea47583587c5866236b7"
  integrity sha512-ueEepnujpqee2o5aIYnvHU6C0A42MNdsIDeqy5BydrkuC5R1ZuUFnm27EeFJGoEHJQgn3uleRvmTXaJgfXbt4g==
  dependencies:
    acorn "^8.11.0"

acorn@^8.11.0, acorn@^8.4.1:
  version "8.14.0"
  resolved "https://registry.yarnpkg.com/acorn/-/acorn-8.14.0.tgz#063e2c70cac5fb4f6467f0b11152e04c682795b0"
  integrity sha512-cl669nCJTZBsL97OF4kUQm5g5hC2uihk0NxY3WENAC0TYdILVkAyHymAntgxGkl7K+t0cXIrH5siy5S4XkFycA==

aes-js@4.0.0-beta.5:
  version "4.0.0-beta.5"
  resolved "https://registry.yarnpkg.com/aes-js/-/aes-js-4.0.0-beta.5.tgz#8d2452c52adedebc3a3e28465d858c11ca315873"
  integrity sha512-G965FqalsNyrPqgEGON7nIx1e/OVENSgiEIzyC63haUMuvNnwIgIjMs52hlTCKhkBny7A2ORNlfY9Zu+jmGk1Q==

ansi-styles@^3.2.1:
  version "3.2.1"
  resolved "https://registry.yarnpkg.com/ansi-styles/-/ansi-styles-3.2.1.tgz#41fbb20243e50b12be0f04b8dedbf07520ce841d"
  integrity sha512-VT0ZI6kZRdTh8YyJw3SMbYm/u+NqfsAxEpWO0Pf9sq8/e94WxxOpPKx9FR1FlyCtOVDNOQ+8ntlqFxiRc+r5qA==
  dependencies:
    color-convert "^1.9.0"

ansi-styles@^4.1.0:
  version "4.3.0"
  resolved "https://registry.yarnpkg.com/ansi-styles/-/ansi-styles-4.3.0.tgz#edd803628ae71c04c85ae7a0906edad34b648937"
  integrity sha512-zbB9rCJAT1rbjiVDb2hqKFHNYLxgtk8NURxZ3IZwD3F6NtxbXZQCnnSi1Lkx+IDohdPlFp222wVALIheZJQSEg==
  dependencies:
    color-convert "^2.0.1"

ansi-styles@^5.0.0:
  version "5.2.0"
  resolved "https://registry.yarnpkg.com/ansi-styles/-/ansi-styles-5.2.0.tgz#07449690ad45777d1924ac2abb2fc8895dba836b"
  integrity sha512-Cxwpt2SfTzTtXcfOlzGEee8O+c+MmUgGrNiBcXnuWxuFJHe6a5Hz7qwhwe5OgaSYI0IJvkLqWX1ASG+cJOkEiA==

arg@^4.1.0:
  version "4.1.3"
  resolved "https://registry.yarnpkg.com/arg/-/arg-4.1.3.tgz#269fc7ad5b8e42cb63c896d5666017261c144089"
  integrity sha512-58S9QDqG0Xx27YwPSt9fJxivjYl432YCwfDMfZ+71RAqUrZef7LrKQZ3LHLOwCS4FLNBplP533Zx895SeOCHvA==

base58-universal@^2.0.0:
  version "2.0.0"
  resolved "https://registry.yarnpkg.com/base58-universal/-/base58-universal-2.0.0.tgz#243c8256591afa7d5210f87ad1655e05081f4be4"
  integrity sha512-BgkgF8zVLOAygszG4W8NkLm7iXrw80VYAOcedrzANrIhS14+4W6zVqjyGTFUBM/FpqkHUt8aAYd4DbBBfn3zKg==

base64url-universal@^2.0.0:
  version "2.0.0"
  resolved "https://registry.yarnpkg.com/base64url-universal/-/base64url-universal-2.0.0.tgz#6023785c0e349a90de1cf396e8a4519750a4e67b"
  integrity sha512-6Hpg7EBf3t148C3+fMzjf+CHnADVDafWzlJUXAqqqbm4MKNXbsoPdOkWeRTjNlkYG7TpyjIpRO1Gk0SnsFD1rw==
  dependencies:
    base64url "^3.0.1"

base64url@^3.0.1:
  version "3.0.1"
  resolved "https://registry.yarnpkg.com/base64url/-/base64url-3.0.1.tgz#6399d572e2bc3f90a9a8b22d5dbb0a32d33f788d"
  integrity sha512-ir1UPr3dkwexU7FdV8qBBbNDRUhMmIekYMFZfi+C/sLNnRESKPl23nB9b2pltqfOQNnGzsDdId90AEtG5tCx4A==

braces@^3.0.3:
  version "3.0.3"
  resolved "https://registry.yarnpkg.com/braces/-/braces-3.0.3.tgz#490332f40919452272d55a8480adc0c441358789"
  integrity sha512-yQbXgO/OSZVD2IsiLlro+7Hf6Q18EJrKSEsdoMzKePKXct3gvD8oLcOQdIzGupr5Fj+EDe8gO/lxc1BzfMpxvA==
  dependencies:
    fill-range "^7.1.1"

canonicalize@^1.0.1:
  version "1.0.8"
  resolved "https://registry.yarnpkg.com/canonicalize/-/canonicalize-1.0.8.tgz#24d1f1a00ed202faafd9bf8e63352cd4450c6df1"
  integrity sha512-0CNTVCLZggSh7bc5VkX5WWPWO+cyZbNd07IHIsSXLia/eAq+r836hgk+8BKoEh7949Mda87VUOitx5OddVj64A==

chalk@^2.4.2:
  version "2.4.2"
  resolved "https://registry.yarnpkg.com/chalk/-/chalk-2.4.2.tgz#cd42541677a54333cf541a49108c1432b44c9424"
  integrity sha512-Mti+f9lpJNcwF4tWV8/OrTTtF1gZi+f8FqlyAdouralcFWFQWF2+NgCHShjkCb+IFBLq9buZwE1xckQU4peSuQ==
  dependencies:
    ansi-styles "^3.2.1"
    escape-string-regexp "^1.0.5"
    supports-color "^5.3.0"

chalk@^4.0.0:
  version "4.1.2"
  resolved "https://registry.yarnpkg.com/chalk/-/chalk-4.1.2.tgz#aac4e2b7734a740867aeb16bf02aad556a1e7a01"
  integrity sha512-oKnbhFyRIXpUuez8iBMmyEa4nbj4IOQyuhc/wy9kY7/WVPcwIO9VA668Pu8RkO7+0G76SLROeyw9CpQ061i4mA==
  dependencies:
    ansi-styles "^4.1.0"
    supports-color "^7.1.0"

ci-info@^3.2.0:
  version "3.9.0"
  resolved "https://registry.yarnpkg.com/ci-info/-/ci-info-3.9.0.tgz#4279a62028a7b1f262f3473fc9605f5e218c59b4"
  integrity sha512-NIxF55hv4nSqQswkAeiOi1r83xy8JldOFDTWiug55KBu9Jnblncd2U6ViHmYgHf01TPZS77NJBhBMKdWj9HQMQ==

color-convert@^1.9.0:
  version "1.9.3"
  resolved "https://registry.yarnpkg.com/color-convert/-/color-convert-1.9.3.tgz#bb71850690e1f136567de629d2d5471deda4c1e8"
  integrity sha512-QfAUtd+vFdAtFQcC8CCyYt1fYWxSqAiK2cSD6zDB8N3cpsEBAvRxp9zOGg6G/SHHJYAT88/az/IuDGALsNVbGg==
  dependencies:
    color-name "1.1.3"

color-convert@^2.0.1:
  version "2.0.1"
  resolved "https://registry.yarnpkg.com/color-convert/-/color-convert-2.0.1.tgz#72d3a68d598c9bdb3af2ad1e84f21d896abd4de3"
  integrity sha512-RRECPsj7iu/xb5oKYcsFHSppFNnsj/52OVTRKb4zP5onXwVF3zVmmToNcOfGC+CRDpfK/U584fMg38ZHCaElKQ==
  dependencies:
    color-name "~1.1.4"

color-name@1.1.3:
  version "1.1.3"
  resolved "https://registry.yarnpkg.com/color-name/-/color-name-1.1.3.tgz#a7d0558bd89c42f795dd42328f740831ca53bc25"
  integrity sha512-72fSenhMw2HZMTVHeCA9KCmpEIbzWiQsjN+BHcBbS9vr1mtt+vJjPdksIBNUmKAW8TFUDPJK5SUU3QhE9NEXDw==

color-name@~1.1.4:
  version "1.1.4"
  resolved "https://registry.yarnpkg.com/color-name/-/color-name-1.1.4.tgz#c2a09a87acbde69543de6f63fa3995c826c536a2"
  integrity sha512-dOy+3AuW3a2wNbZHIuMZpTcgjGuLU/uBL/ubcZF9OXbDo8ff4O8yVp5Bf0efS8uEoYo5q4Fx7dY9OgQGXgAsQA==

create-require@^1.1.0:
  version "1.1.1"
  resolved "https://registry.yarnpkg.com/create-require/-/create-require-1.1.1.tgz#c1d7e8f1e5f6cfc9ff65f9cd352d37348756c333"
  integrity sha512-dcKFX3jn0MpIaXjisoRvexIJVEKzaq7z2rZKxf+MSr9TkdmHmsU4m2lcLojrj/FHl8mk5VxMmYA+ftRkP/3oKQ==

credentials-context@^2.0.0:
  version "2.0.0"
  resolved "https://registry.yarnpkg.com/credentials-context/-/credentials-context-2.0.0.tgz#68a9a1a88850c398d3bba4976c8490530af093e8"
  integrity sha512-/mFKax6FK26KjgV2KW2D4YqKgoJ5DVJpNt87X2Jc9IxT2HBMy7nEIlc+n7pEi+YFFe721XqrvZPd+jbyyBjsvQ==

crypto-ld@^7.0.0:
  version "7.0.0"
  resolved "https://registry.yarnpkg.com/crypto-ld/-/crypto-ld-7.0.0.tgz#ad593cce31da84e60bd14fd2b25221f97e8a3b74"
  integrity sha512-RrXy6aB0TOhSiqsgavTQt1G8mKomKIaNLb2JZxj7A/Vi0EwmXguuBQoeiAvePfK6bDR3uQbqYnaLLs4irTWwgw==

data-uri-to-buffer@^4.0.0:
  version "4.0.1"
  resolved "https://registry.yarnpkg.com/data-uri-to-buffer/-/data-uri-to-buffer-4.0.1.tgz#d8feb2b2881e6a4f58c2e08acfd0e2834e26222e"
  integrity sha512-0R9ikRb668HB7QDxT1vkpuUBtqc53YyAwMwGeUFKRojY/NWKvdZ+9UYtRfGmhqNbRkTSVpMbmyhXipFFv2cb/A==

diff-sequences@^29.6.3:
  version "29.6.3"
  resolved "https://registry.yarnpkg.com/diff-sequences/-/diff-sequences-29.6.3.tgz#4deaf894d11407c51efc8418012f9e70b84ea921"
  integrity sha512-EjePK1srD3P08o2j4f0ExnylqRs5B9tJjcp9t1krH2qRi8CCdsYfwe9JgSLurFBWwq4uOlipzfk5fHNvwFKr8Q==

diff@^4.0.1:
  version "4.0.2"
  resolved "https://registry.yarnpkg.com/diff/-/diff-4.0.2.tgz#60f3aecb89d5fae520c11aa19efc2bb982aade7d"
  integrity sha512-58lmxKSA4BNyLz+HHMUzlOEpg09FV+ev6ZMe3vJihgdxzgcwZ8VoEEPmALCZG9LmqfVoNMMKpttIYTVG6uDY7A==

ed25519-signature-2020-context@^1.1.0:
  version "1.1.0"
  resolved "https://registry.yarnpkg.com/ed25519-signature-2020-context/-/ed25519-signature-2020-context-1.1.0.tgz#b2f724f07db154ddf0fd6605410d88736e56fd07"
  integrity sha512-dBGSmoUIK6h2vadDctrDnhhTO01PR2hJk0mRNEfrRDPCjaIwrfy4J+eziEQ9Q1m8By4f/CSRgKM1h53ydKfdNg==

ed2curve@^0.3.0:
  version "0.3.0"
  resolved "https://registry.yarnpkg.com/ed2curve/-/ed2curve-0.3.0.tgz#322b575152a45305429d546b071823a93129a05d"
  integrity sha512-8w2fmmq3hv9rCrcI7g9hms2pMunQr1JINfcjwR9tAyZqhtyaMN991lF/ZfHfr5tzZQ8c7y7aBgZbjfbd0fjFwQ==
  dependencies:
    tweetnacl "1.x.x"

escape-string-regexp@^1.0.5:
  version "1.0.5"
  resolved "https://registry.yarnpkg.com/escape-string-regexp/-/escape-string-regexp-1.0.5.tgz#1b61c0562190a8dff6ae3bb2cf0200ca130b86d4"
  integrity sha512-vbRorB5FUQWvla16U8R/qgaFIya2qGzwDrNmCZuYKrbdSUMG6I1ZCGQRefkRVhuOkIGVne7BQ35DSfo1qvJqFg==

escape-string-regexp@^2.0.0:
  version "2.0.0"
  resolved "https://registry.yarnpkg.com/escape-string-regexp/-/escape-string-regexp-2.0.0.tgz#a30304e99daa32e23b2fd20f51babd07cffca344"
  integrity sha512-UpzcLCXolUWcNu5HtVMHYdXJjArjsF9C0aNnquZYY4uW/Vu0miy5YoWvbV345HauVvcAUnpRuhMMcqTcGOY2+w==

ethers@^6.13.2:
  version "6.13.2"
  resolved "https://registry.yarnpkg.com/ethers/-/ethers-6.13.2.tgz#4b67d4b49e69b59893931a032560999e5e4419fe"
  integrity sha512-9VkriTTed+/27BGuY1s0hf441kqwHJ1wtN2edksEtiRvXx+soxRX3iSXTfFqq2+YwrOqbDoTHjIhQnjJRlzKmg==
  dependencies:
    "@adraffy/ens-normalize" "1.10.1"
    "@noble/curves" "1.2.0"
    "@noble/hashes" "1.3.2"
    "@types/node" "18.15.13"
    aes-js "4.0.0-beta.5"
    tslib "2.4.0"
    ws "8.17.1"

event-target-shim@^5.0.0:
  version "5.0.1"
  resolved "https://registry.yarnpkg.com/event-target-shim/-/event-target-shim-5.0.1.tgz#5d4d3ebdf9583d63a5333ce2deb7480ab2b05789"
  integrity sha512-i/2XbnSz/uxRCU6+NdVJgKWDTM427+MqYbkQzD321DuCQJUqOuJKIA0IM2+W2xtYHdKOmZ4dR6fExsd4SXL+WQ==

expect@^29.0.0:
  version "29.7.0"
  resolved "https://registry.yarnpkg.com/expect/-/expect-29.7.0.tgz#578874590dcb3214514084c08115d8aee61e11bc"
  integrity sha512-2Zks0hf1VLFYI1kbh0I5jP3KHHyCHpkfyHBzsSXRFgl/Bg9mWYfMW8oD+PdMPlEwy5HNsR9JutYy6pMeOh61nw==
  dependencies:
    "@jest/expect-utils" "^29.7.0"
    jest-get-type "^29.6.3"
    jest-matcher-utils "^29.7.0"
    jest-message-util "^29.7.0"
    jest-util "^29.7.0"

fetch-blob@^3.1.2, fetch-blob@^3.1.4:
  version "3.2.0"
  resolved "https://registry.yarnpkg.com/fetch-blob/-/fetch-blob-3.2.0.tgz#f09b8d4bbd45adc6f0c20b7e787e793e309dcce9"
  integrity sha512-7yAQpD2UMJzLi1Dqv7qFYnPbaPx7ZfFK6PiIxQ4PfkGPyNyl2Ugx+a/umUonmKqjhM4DnfbMvdX6otXq83soQQ==
  dependencies:
    node-domexception "^1.0.0"
    web-streams-polyfill "^3.0.3"

fill-range@^7.1.1:
  version "7.1.1"
  resolved "https://registry.yarnpkg.com/fill-range/-/fill-range-7.1.1.tgz#44265d3cac07e3ea7dc247516380643754a05292"
  integrity sha512-YsGpe3WHLK8ZYi4tWDg2Jy3ebRz2rXowDxnld4bkQB00cc/1Zw9AWnC0i9ztDJitivtQvaI9KaLyKrc+hBW0yg==
  dependencies:
    to-regex-range "^5.0.1"

formdata-polyfill@^4.0.10:
  version "4.0.10"
  resolved "https://registry.yarnpkg.com/formdata-polyfill/-/formdata-polyfill-4.0.10.tgz#24807c31c9d402e002ab3d8c720144ceb8848423"
  integrity sha512-buewHzMvYL29jdeQTVILecSaZKnt/RJWjoZCF5OW60Z67/GmSLBkOFM7qh1PI3zFNtJbaZL5eQu1vLfazOwj4g==
  dependencies:
    fetch-blob "^3.1.2"

graceful-fs@^4.2.9:
  version "4.2.11"
  resolved "https://registry.yarnpkg.com/graceful-fs/-/graceful-fs-4.2.11.tgz#4183e4e8bf08bb6e05bbb2f7d2e0c8f712ca40e3"
  integrity sha512-RbJ5/jmFcNNCcDV5o9eTnBLJ/HszWV0P73bc+Ff4nS/rJj+YaS6IGyiOL0VoBYX+l1Wrl3k63h/KrH+nhJ0XvQ==

has-flag@^3.0.0:
  version "3.0.0"
  resolved "https://registry.yarnpkg.com/has-flag/-/has-flag-3.0.0.tgz#b5d454dc2199ae225699f3467e5a07f3b955bafd"
  integrity sha512-sKJf1+ceQBr4SMkvQnBDNDtf4TXpVhVGateu0t918bl30FnbE2m4vNLX+VWe/dpjlb+HugGYzW7uQXH98HPEYw==

has-flag@^4.0.0:
  version "4.0.0"
  resolved "https://registry.yarnpkg.com/has-flag/-/has-flag-4.0.0.tgz#944771fd9c81c81265c4d6941860da06bb59479b"
  integrity sha512-EykJT/Q1KjTWctppgIAgfSO0tKVuZUjhgMr17kqTumMl6Afv3EISleU7qZUzoXDFTAHTDC4NOoG/ZxU3EvlMPQ==

is-number@^7.0.0:
  version "7.0.0"
  resolved "https://registry.yarnpkg.com/is-number/-/is-number-7.0.0.tgz#7535345b896734d5f80c4d06c50955527a14f12b"
  integrity sha512-41Cifkg6e8TylSpdtTpeLVMqvSBEVzTttHvERD741+pnZ8ANv0004MRL43QKPDlK9cGvNp6NZWZUBlbGXYxxng==

jest-diff@^29.7.0:
  version "29.7.0"
  resolved "https://registry.yarnpkg.com/jest-diff/-/jest-diff-29.7.0.tgz#017934a66ebb7ecf6f205e84699be10afd70458a"
  integrity sha512-LMIgiIrhigmPrs03JHpxUh2yISK3vLFPkAodPeo0+BuF7wA2FoQbkEg1u8gBYBThncu7e1oEDUfIXVuTqLRUjw==
  dependencies:
    chalk "^4.0.0"
    diff-sequences "^29.6.3"
    jest-get-type "^29.6.3"
    pretty-format "^29.7.0"

jest-get-type@^29.6.3:
  version "29.6.3"
  resolved "https://registry.yarnpkg.com/jest-get-type/-/jest-get-type-29.6.3.tgz#36f499fdcea197c1045a127319c0481723908fd1"
  integrity sha512-zrteXnqYxfQh7l5FHyL38jL39di8H8rHoecLH3JNxH3BwOrBsNeabdap5e0I23lD4HHI8W5VFBZqG4Eaq5LNcw==

jest-matcher-utils@^29.7.0:
  version "29.7.0"
  resolved "https://registry.yarnpkg.com/jest-matcher-utils/-/jest-matcher-utils-29.7.0.tgz#ae8fec79ff249fd592ce80e3ee474e83a6c44f12"
  integrity sha512-sBkD+Xi9DtcChsI3L3u0+N0opgPYnCRPtGcQYrgXmR+hmt/fYfWAL0xRXYU8eWOdfuLgBe0YCW3AFtnRLagq/g==
  dependencies:
    chalk "^4.0.0"
    jest-diff "^29.7.0"
    jest-get-type "^29.6.3"
    pretty-format "^29.7.0"

jest-message-util@^29.7.0:
  version "29.7.0"
  resolved "https://registry.yarnpkg.com/jest-message-util/-/jest-message-util-29.7.0.tgz#8bc392e204e95dfe7564abbe72a404e28e51f7f3"
  integrity sha512-GBEV4GRADeP+qtB2+6u61stea8mGcOT4mCtrYISZwfu9/ISHFJ/5zOMXYbpBE9RsS5+Gb63DW4FgmnKJ79Kf6w==
  dependencies:
    "@babel/code-frame" "^7.12.13"
    "@jest/types" "^29.6.3"
    "@types/stack-utils" "^2.0.0"
    chalk "^4.0.0"
    graceful-fs "^4.2.9"
    micromatch "^4.0.4"
    pretty-format "^29.7.0"
    slash "^3.0.0"
    stack-utils "^2.0.3"

jest-util@^29.7.0:
  version "29.7.0"
  resolved "https://registry.yarnpkg.com/jest-util/-/jest-util-29.7.0.tgz#23c2b62bfb22be82b44de98055802ff3710fc0bc"
  integrity sha512-z6EbKajIpqGKU56y5KBUgy1dt1ihhQJgWzUlZHArA/+X2ad7Cb5iF+AK1EWVL/Bo7Rz9uurpqw6SiBCefUbCGA==
  dependencies:
    "@jest/types" "^29.6.3"
    "@types/node" "*"
    chalk "^4.0.0"
    ci-info "^3.2.0"
    graceful-fs "^4.2.9"
    picomatch "^2.2.3"

js-tokens@^4.0.0:
  version "4.0.0"
  resolved "https://registry.yarnpkg.com/js-tokens/-/js-tokens-4.0.0.tgz#19203fb59991df98e3a287050d4647cdeaf32499"
  integrity sha512-RdJUflcE3cUzKiMqQgsCu06FPu9UdIJO0beYbPhHN4k6apgJtifcoCtT9bcxOpYBtpD2kCM6Sbzg4CausW/PKQ==

jsonld-signatures@^11.2.1, jsonld-signatures@^11.3.0:
  version "11.3.0"
  resolved "https://registry.yarnpkg.com/jsonld-signatures/-/jsonld-signatures-11.3.0.tgz#cc833839c2ff7fd9f1ec651117521815b6ec29d0"
  integrity sha512-+KaA2uWhnQ6eYDYqFoopYS8PcmbAdMuM0RFuycZw5Vh0gZiuMHt5/nCLh/p2x5blPGREntTHCQtI/1TtZ1+CUg==
  dependencies:
    "@digitalbazaar/security-context" "^1.0.0"
    jsonld "^8.0.0"
    rdf-canonize "^4.0.1"
    serialize-error "^8.1.0"

jsonld@^8.0.0, jsonld@^8.3.1:
  version "8.3.2"
  resolved "https://registry.yarnpkg.com/jsonld/-/jsonld-8.3.2.tgz#7033f8994aed346b536e9046025f7f1fe9669934"
  integrity sha512-MwBbq95szLwt8eVQ1Bcfwmgju/Y5P2GdtlHE2ncyfuYjIdEhluUVyj1eudacf1mOkWIoS9GpDBTECqhmq7EOaA==
  dependencies:
    "@digitalbazaar/http-client" "^3.4.1"
    canonicalize "^1.0.1"
    lru-cache "^6.0.0"
    rdf-canonize "^3.4.0"

ky-universal@^0.11.0:
  version "0.11.0"
  resolved "https://registry.yarnpkg.com/ky-universal/-/ky-universal-0.11.0.tgz#f5edf857865aaaea416a1968222148ad7d9e4017"
  integrity sha512-65KyweaWvk+uKKkCrfAf+xqN2/epw1IJDtlyCPxYffFCMR8u1sp2U65NtWpnozYfZxQ6IUzIlvUcw+hQ82U2Xw==
  dependencies:
    abort-controller "^3.0.0"
    node-fetch "^3.2.10"

ky@^0.33.3:
  version "0.33.3"
  resolved "https://registry.yarnpkg.com/ky/-/ky-0.33.3.tgz#bf1ad322a3f2c3428c13cfa4b3af95e6c4a2f543"
  integrity sha512-CasD9OCEQSFIam2U8efFK81Yeg8vNMTBUqtMOHlrcWQHqUX3HeCl9Dr31u4toV7emlH8Mymk5+9p0lL6mKb/Xw==

lru-cache@^6.0.0:
  version "6.0.0"
  resolved "https://registry.yarnpkg.com/lru-cache/-/lru-cache-6.0.0.tgz#6d6fe6570ebd96aaf90fcad1dafa3b2566db3a94"
  integrity sha512-Jo6dJ04CmSjuznwJSS3pUeWmd/H0ffTlkXXgwZi+eq1UCmqQwCh+eLsYOYCwY991i2Fah4h1BEMCx4qThGbsiA==
  dependencies:
    yallist "^4.0.0"

make-error@^1.1.1:
  version "1.3.6"
  resolved "https://registry.yarnpkg.com/make-error/-/make-error-1.3.6.tgz#2eb2e37ea9b67c4891f684a1394799af484cf7a2"
  integrity sha512-s8UhlNe7vPKomQhC1qFelMokr/Sc3AgNbso3n74mVPA5LTZwkB9NlXf4XPamLxJE8h0gh73rM94xvwRT2CVInw==

micromatch@^4.0.4:
  version "4.0.7"
  resolved "https://registry.yarnpkg.com/micromatch/-/micromatch-4.0.7.tgz#33e8190d9fe474a9895525f5618eee136d46c2e5"
  integrity sha512-LPP/3KorzCwBxfeUuZmaR6bG2kdeHSbe0P2tY3FLRU4vYrjYz5hI4QZwV0njUx3jeuKe67YukQ1LSPZBKDqO/Q==
  dependencies:
    braces "^3.0.3"
    picomatch "^2.3.1"

node-domexception@^1.0.0:
  version "1.0.0"
  resolved "https://registry.yarnpkg.com/node-domexception/-/node-domexception-1.0.0.tgz#6888db46a1f71c0b76b3f7555016b63fe64766e5"
  integrity sha512-/jKZoMpw0F8GRwl4/eLROPA3cfcXtLApP0QzLmUT/HuPCZWyB7IY9ZrMeKw2O/nFIqPQB3PVM9aYm0F312AXDQ==

node-fetch@^3.2.10:
  version "3.3.2"
  resolved "https://registry.yarnpkg.com/node-fetch/-/node-fetch-3.3.2.tgz#d1e889bacdf733b4ff3b2b243eb7a12866a0b78b"
  integrity sha512-dRB78srN/l6gqWulah9SrxeYnxeddIG30+GOqK/9OlLVyLg3HPnr6SqOWTWOXKRwC2eGYCkZ59NNuSgvSrpgOA==
  dependencies:
    data-uri-to-buffer "^4.0.0"
    fetch-blob "^3.1.4"
    formdata-polyfill "^4.0.10"

picocolors@^1.0.0:
  version "1.0.1"
  resolved "https://registry.yarnpkg.com/picocolors/-/picocolors-1.0.1.tgz#a8ad579b571952f0e5d25892de5445bcfe25aaa1"
  integrity sha512-anP1Z8qwhkbmu7MFP5iTt+wQKXgwzf7zTyGlcdzabySa9vd0Xt392U0rVmz9poOaBj0uHJKyyo9/upk0HrEQew==

picomatch@^2.2.3, picomatch@^2.3.1:
  version "2.3.1"
  resolved "https://registry.yarnpkg.com/picomatch/-/picomatch-2.3.1.tgz#3ba3833733646d9d3e4995946c1365a67fb07a42"
  integrity sha512-JU3teHTNjmE2VCGFzuY8EXzCDVwEqB2a8fsIvwaStHhAWJEeVd1o1QD80CU6+ZdEXXSLbSsuLwJjkCBWqRQUVA==

pretty-format@^29.0.0, pretty-format@^29.7.0:
  version "29.7.0"
  resolved "https://registry.yarnpkg.com/pretty-format/-/pretty-format-29.7.0.tgz#ca42c758310f365bfa71a0bda0a807160b776812"
  integrity sha512-Pdlw/oPxN+aXdmM9R00JVC9WVFoCLTKJvDVLgmJ+qAffBMxsV85l/Lu7sNx4zSzPyoL2euImuEwHhOXdEgNFZQ==
  dependencies:
    "@jest/schemas" "^29.6.3"
    ansi-styles "^5.0.0"
    react-is "^18.0.0"

rdf-canonize@^3.4.0:
  version "3.4.0"
  resolved "https://registry.yarnpkg.com/rdf-canonize/-/rdf-canonize-3.4.0.tgz#87f88342b173cc371d812a07de350f0c1aa9f058"
  integrity sha512-fUeWjrkOO0t1rg7B2fdyDTvngj+9RlUyL92vOdiB7c0FPguWVsniIMjEtHH+meLBO9rzkUlUzBVXgWrjI8P9LA==
  dependencies:
    setimmediate "^1.0.5"

rdf-canonize@^4.0.1:
  version "4.0.1"
  resolved "https://registry.yarnpkg.com/rdf-canonize/-/rdf-canonize-4.0.1.tgz#2b5a37f147d35b484b40ff2140245fc5985a9595"
  integrity sha512-B5ynHt4sasbUafzrvYI2GFARgeFcD8Sx9yXPbg7gEyT2EH76rlCv84kyO6tnxzVbxUN/uJDbK1S/MXh+DsnuTA==
  dependencies:
    setimmediate "^1.0.5"

react-is@^18.0.0:
  version "18.3.1"
  resolved "https://registry.yarnpkg.com/react-is/-/react-is-18.3.1.tgz#e83557dc12eae63a99e003a46388b1dcbb44db7e"
  integrity sha512-/LLMVyas0ljjAtoYiPqYiL8VWXzUUdThrmU5+n20DZv+a+ClRoevUzw5JxU+Ieh5/c87ytoTBV9G1FiKfNJdmg==

serialize-error@^8.1.0:
  version "8.1.0"
  resolved "https://registry.yarnpkg.com/serialize-error/-/serialize-error-8.1.0.tgz#3a069970c712f78634942ddd50fbbc0eaebe2f67"
  integrity sha512-3NnuWfM6vBYoy5gZFvHiYsVbafvI9vZv/+jlIigFn4oP4zjNPK3LhcY0xSCgeb1a5L8jO71Mit9LlNoi2UfDDQ==
  dependencies:
    type-fest "^0.20.2"

setimmediate@^1.0.5:
  version "1.0.5"
  resolved "https://registry.yarnpkg.com/setimmediate/-/setimmediate-1.0.5.tgz#290cbb232e306942d7d7ea9b83732ab7856f8285"
  integrity sha512-MATJdZp8sLqDl/68LfQmbP8zKPLQNV6BIZoIgrscFDQ+RsvK/BxeDQOgyxKKoh0y/8h3BqVFnCqQ/gd+reiIXA==

slash@^3.0.0:
  version "3.0.0"
  resolved "https://registry.yarnpkg.com/slash/-/slash-3.0.0.tgz#6539be870c165adbd5240220dbe361f1bc4d4634"
  integrity sha512-g9Q1haeby36OSStwb4ntCGGGaKsaVSjQ68fBxoQcutl5fS1vuY18H3wSt3jFyFtrkx+Kz0V1G85A4MyAdDMi2Q==

stack-utils@^2.0.3:
  version "2.0.6"
  resolved "https://registry.yarnpkg.com/stack-utils/-/stack-utils-2.0.6.tgz#aaf0748169c02fc33c8232abccf933f54a1cc34f"
  integrity sha512-XlkWvfIm6RmsWtNJx+uqtKLS8eqFbxUg0ZzLXqY0caEy9l7hruX8IpiDnjsLavoBgqCCR71TqWO8MaXYheJ3RQ==
  dependencies:
    escape-string-regexp "^2.0.0"

supports-color@^5.3.0:
  version "5.5.0"
  resolved "https://registry.yarnpkg.com/supports-color/-/supports-color-5.5.0.tgz#e2e69a44ac8772f78a1ec0b35b689df6530efc8f"
  integrity sha512-QjVjwdXIt408MIiAqCX4oUKsgU2EqAGzs2Ppkm4aQYbjm+ZEWEcW4SfFNTr4uMNZma0ey4f5lgLrkB0aX0QMow==
  dependencies:
    has-flag "^3.0.0"

supports-color@^7.1.0:
  version "7.2.0"
  resolved "https://registry.yarnpkg.com/supports-color/-/supports-color-7.2.0.tgz#1b7dcdcb32b8138801b3e478ba6a51caa89648da"
  integrity sha512-qpCAvRl9stuOHveKsn7HncJRvv501qIacKzQlO/+Lwxc9+0q2wLyv4Dfvt80/DPn2pqOBsJdDiogXGR9+OvwRw==
  dependencies:
    has-flag "^4.0.0"

to-regex-range@^5.0.1:
  version "5.0.1"
  resolved "https://registry.yarnpkg.com/to-regex-range/-/to-regex-range-5.0.1.tgz#1648c44aae7c8d988a326018ed72f5b4dd0392e4"
  integrity sha512-65P7iz6X5yEr1cwcgvQxbbIw7Uk3gOy5dIdtZ4rDveLqhrdJP+Li/Hx6tyK0NEb+2GCyneCMJiGqrADCSNk8sQ==
  dependencies:
    is-number "^7.0.0"

ts-node@^10.9.2:
  version "10.9.2"
  resolved "https://registry.yarnpkg.com/ts-node/-/ts-node-10.9.2.tgz#70f021c9e185bccdca820e26dc413805c101c71f"
  integrity sha512-f0FFpIdcHgn8zcPSbf1dRevwt047YMnaiJM3u2w2RewrB+fob/zePZcrOyQoLMMO7aBIddLcQIEK5dYjkLnGrQ==
  dependencies:
    "@cspotcode/source-map-support" "^0.8.0"
    "@tsconfig/node10" "^1.0.7"
    "@tsconfig/node12" "^1.0.7"
    "@tsconfig/node14" "^1.0.0"
    "@tsconfig/node16" "^1.0.2"
    acorn "^8.4.1"
    acorn-walk "^8.1.1"
    arg "^4.1.0"
    create-require "^1.1.0"
    diff "^4.0.1"
    make-error "^1.1.1"
    v8-compile-cache-lib "^3.0.1"
    yn "3.1.1"

tsc@^2.0.4:
  version "2.0.4"
  resolved "https://registry.yarnpkg.com/tsc/-/tsc-2.0.4.tgz#5f6499146abea5dca4420b451fa4f2f9345238f5"
  integrity sha512-fzoSieZI5KKJVBYGvwbVZs/J5za84f2lSTLPYf6AGiIf43tZ3GNrI1QzTLcjtyDDP4aLxd46RTZq1nQxe7+k5Q==

tslib@2.4.0:
  version "2.4.0"
  resolved "https://registry.yarnpkg.com/tslib/-/tslib-2.4.0.tgz#7cecaa7f073ce680a05847aa77be941098f36dc3"
  integrity sha512-d6xOpEDfsi2CZVlPQzGeux8XMwLT9hssAsaPYExaQMuYskwb+x1x7J371tWlbBdWHroy99KnVB6qIkUbs5X3UQ==

tweetnacl@1.x.x, tweetnacl@^1.0.3:
  version "1.0.3"
  resolved "https://registry.yarnpkg.com/tweetnacl/-/tweetnacl-1.0.3.tgz#ac0af71680458d8a6378d0d0d050ab1407d35596"
  integrity sha512-6rt+RN7aOi1nGMyC4Xa5DdYiukl2UWCbcJft7YhxReBGQD7OAM8Pbxw6YMo4r2diNEA8FEmu32YOn9rhaiE5yw==

type-fest@^0.20.2:
  version "0.20.2"
  resolved "https://registry.yarnpkg.com/type-fest/-/type-fest-0.20.2.tgz#1bf207f4b28f91583666cb5fbd327887301cd5f4"
  integrity sha512-Ne+eE4r0/iWnpAxD852z3A+N0Bt5RN//NjJwRd2VFHEmrywxf5vsZlh4R6lixl6B+wz/8d+maTSAkN1FIkI3LQ==

typescript@^5.6.2:
  version "5.6.2"
  resolved "https://registry.yarnpkg.com/typescript/-/typescript-5.6.2.tgz#d1de67b6bef77c41823f822df8f0b3bcff60a5a0"
  integrity sha512-NW8ByodCSNCwZeghjN3o+JX5OFH0Ojg6sadjEKY4huZ52TqbJTJnDo5+Tw98lSy63NZvi4n+ez5m2u5d4PkZyw==

undici-types@~6.13.0:
  version "6.13.0"
  resolved "https://registry.yarnpkg.com/undici-types/-/undici-types-6.13.0.tgz#e3e79220ab8c81ed1496b5812471afd7cf075ea5"
  integrity sha512-xtFJHudx8S2DSoujjMd1WeWvn7KKWFRESZTMeL1RptAYERu29D6jphMjjY+vn96jvN3kVPDNxU/E13VTaXj6jg==

undici@^5.21.2:
  version "5.28.4"
  resolved "https://registry.yarnpkg.com/undici/-/undici-5.28.4.tgz#6b280408edb6a1a604a9b20340f45b422e373068"
  integrity sha512-72RFADWFqKmUb2hmmvNODKL3p9hcB6Gt2DOQMis1SEBaV6a4MH8soBvzg+95CYhCKPFedut2JY9bMfrDl9D23g==
  dependencies:
    "@fastify/busboy" "^2.0.0"

uuid@^10.0.0:
  version "10.0.0"
  resolved "https://registry.yarnpkg.com/uuid/-/uuid-10.0.0.tgz#5a95aa454e6e002725c79055fd42aaba30ca6294"
  integrity sha512-8XkAphELsDnEGrDxUOHB3RGvXz6TeuYSGEZBOjtTtPm2lwhGBjLgOzLHB63IUWfBpNucQjND6d3AOudO+H3RWQ==

v8-compile-cache-lib@^3.0.1:
  version "3.0.1"
  resolved "https://registry.yarnpkg.com/v8-compile-cache-lib/-/v8-compile-cache-lib-3.0.1.tgz#6336e8d71965cb3d35a1bbb7868445a7c05264bf"
  integrity sha512-wa7YjyUGfNZngI/vtK0UHAN+lgDCxBPCylVXGp0zu59Fz5aiGtNXaq3DhIov063MorB+VfufLh3JlF2KdTK3xg==

web-streams-polyfill@^3.0.3:
  version "3.3.3"
  resolved "https://registry.yarnpkg.com/web-streams-polyfill/-/web-streams-polyfill-3.3.3.tgz#2073b91a2fdb1fbfbd401e7de0ac9f8214cecb4b"
  integrity sha512-d2JWLCivmZYTSIoge9MsgFCZrt571BikcWGYkjC1khllbTeDlGqZ2D8vD8E/lJa8WGWbb7Plm8/XJYV7IJHZZw==

ws@8.17.1:
  version "8.17.1"
  resolved "https://registry.yarnpkg.com/ws/-/ws-8.17.1.tgz#9293da530bb548febc95371d90f9c878727d919b"
  integrity sha512-6XQFvXTkbfUOZOKKILFG1PDK2NDQs4azKQl26T0YS5CxqWLgXajbPZ+h4gZekJyRqFU8pvnbAbbs/3TgRPy+GQ==

yallist@^4.0.0:
  version "4.0.0"
  resolved "https://registry.yarnpkg.com/yallist/-/yallist-4.0.0.tgz#9bb92790d9c0effec63be73519e11a35019a3a72"
  integrity sha512-3wdGidZyq5PB084XLES5TpOSRA3wjXAlIWMhum2kRcv/41Sn2emQ0dycQW4uZXLejwKvg6EsvbdlVL+FYEct7A==

yn@3.1.1:
  version "3.1.1"
  resolved "https://registry.yarnpkg.com/yn/-/yn-3.1.1.tgz#1e87401a09d767c1d5eab26a6e4c185182d2eb50"
  integrity sha512-Ux4ygGWsu2c7isFWe8Yu1YluJmqVhxqK2cLXNQA5AcC3QfbGNpM7fu0Y8b/z16pXLnFxZYvWhd3fhBY9DLmC6Q==
